{
  "version": 4,
  "terraform_version": "1.9.7",
  "serial": 129,
  "lineage": "76638e8f-55e4-4ceb-d5ca-f839abaf91ad",
  "outputs": {},
  "resources": [
    {
      "module": "module.instances",
      "mode": "managed",
      "type": "yandex_compute_instance",
      "name": "bastionhost",
      "provider": "provider[\"registry.terraform.io/yandex-cloud/yandex\"]",
      "instances": [
        {
          "schema_version": 1,
          "attributes": {
            "allow_recreate": null,
            "allow_stopping_for_update": null,
            "boot_disk": [
              {
                "auto_delete": true,
                "device_name": "epd5k325emf70455qu8d",
                "disk_id": "epd5k325emf70455qu8d",
                "initialize_params": [
                  {
                    "block_size": 4096,
                    "description": "",
                    "image_id": "fd8tvc3529h2cpjvpkr5",
                    "name": "",
                    "size": 10,
                    "snapshot_id": "",
                    "type": "network-hdd"
                  }
                ],
                "mode": "READ_WRITE"
              }
            ],
            "created_at": "2024-10-14T00:27:31Z",
            "description": "",
            "filesystem": [],
            "folder_id": "b1g3jagg302vglsnv5h6",
            "fqdn": "epd67il2t1mauma25ee4.auto.internal",
            "gpu_cluster_id": "",
            "hardware_generation": [
              {
                "generation2_features": [],
                "legacy_features": [
                  {
                    "pci_topology": "PCI_TOPOLOGY_V1"
                  }
                ]
              }
            ],
            "hostname": "",
            "id": "epd67il2t1mauma25ee4",
            "labels": null,
            "local_disk": [],
            "maintenance_grace_period": "",
            "maintenance_policy": null,
            "metadata": {
              "ssh-keys": "filipp:ssh-ed25519 AAAAC3NzaC1lZDI1NTE5AAAAIHivJ09hymAbMQqWuK85BwZnEbVZKKwolJtt09n2DY6k",
              "user-data": "#cloud-config\r\ndatasource:\r\n    Ec2:\r\n        strict_id: false\r\nssh_pwauth: no\r\nusers:\r\n- name: filipp\r\n    sudo: ALL=(ALL) NOPASSWD:ALL\r\n    shell: /bin/bash\r\n    ssh_authorized_keys:\r\n    - ssh-ed25519 AAAAC3NzaC1lZDI1NTE5AAAAIHivJ09hymAbMQqWuK85BwZnEbVZKKwolJtt09n2DY6k"
            },
            "metadata_options": [
              {
                "aws_v1_http_endpoint": 1,
                "aws_v1_http_token": 2,
                "gce_http_endpoint": 1,
                "gce_http_token": 1
              }
            ],
            "name": "bastion",
            "network_acceleration_type": "standard",
            "network_interface": [
              {
                "dns_record": [],
                "index": 0,
                "ip_address": "10.129.0.27",
                "ipv4": true,
                "ipv6": false,
                "ipv6_address": "",
                "ipv6_dns_record": [],
                "mac_address": "d0:0d:63:ca:a2:e8",
                "nat": true,
                "nat_dns_record": [],
                "nat_ip_address": "84.201.178.88",
                "nat_ip_version": "IPV4",
                "security_group_ids": [
                  "enpkr5absjgivh1k1gt5"
                ],
                "subnet_id": "e2lr3371oljiq61fitdi"
              },
              {
                "dns_record": [],
                "index": 1,
                "ip_address": "10.129.0.14",
                "ipv4": true,
                "ipv6": false,
                "ipv6_address": "",
                "ipv6_dns_record": [],
                "mac_address": "d0:1d:63:ca:a2:e8",
                "nat": false,
                "nat_dns_record": [],
                "nat_ip_address": "",
                "nat_ip_version": "",
                "security_group_ids": [],
                "subnet_id": "e2lr3371oljiq61fitdi"
              }
            ],
            "placement_policy": [
              {
                "host_affinity_rules": [],
                "placement_group_id": "",
                "placement_group_partition": 0
              }
            ],
            "platform_id": "standard-v2",
            "resources": [
              {
                "core_fraction": 5,
                "cores": 2,
                "gpus": 0,
                "memory": 1
              }
            ],
            "scheduling_policy": [
              {
                "preemptible": true
              }
            ],
            "secondary_disk": [],
            "service_account_id": "",
            "status": "running",
            "timeouts": null,
            "zone": "ru-central1-b"
          },
          "sensitive_attributes": [],
          "private": "eyJlMmJmYjczMC1lY2FhLTExZTYtOGY4OC0zNDM2M2JjN2M0YzAiOnsiY3JlYXRlIjozMDAwMDAwMDAwMDAsImRlbGV0ZSI6MzAwMDAwMDAwMDAwLCJ1cGRhdGUiOjMwMDAwMDAwMDAwMH0sInNjaGVtYV92ZXJzaW9uIjoiMSJ9",
          "dependencies": [
            "module.scgroup.module.scgroup.data.yandex_client_config.client",
            "module.scgroup.module.scgroup.yandex_vpc_security_group.this"
          ]
        }
      ]
    },
    {
      "module": "module.instances",
      "mode": "managed",
      "type": "yandex_compute_instance",
      "name": "privatehost",
      "provider": "provider[\"registry.terraform.io/yandex-cloud/yandex\"]",
      "instances": [
        {
          "schema_version": 1,
          "attributes": {
            "allow_recreate": null,
            "allow_stopping_for_update": null,
            "boot_disk": [
              {
                "auto_delete": true,
                "device_name": "epd9h7ekq85p07toei4i",
                "disk_id": "epd9h7ekq85p07toei4i",
                "initialize_params": [
                  {
                    "block_size": 4096,
                    "description": "",
                    "image_id": "fd8tvc3529h2cpjvpkr5",
                    "name": "",
                    "size": 10,
                    "snapshot_id": "",
                    "type": "network-hdd"
                  }
                ],
                "mode": "READ_WRITE"
              }
            ],
            "created_at": "2024-10-14T00:27:29Z",
            "description": "",
            "filesystem": [],
            "folder_id": "b1g3jagg302vglsnv5h6",
            "fqdn": "epdll9v57r6klu4kch01.auto.internal",
            "gpu_cluster_id": "",
            "hardware_generation": [
              {
                "generation2_features": [],
                "legacy_features": [
                  {
                    "pci_topology": "PCI_TOPOLOGY_V1"
                  }
                ]
              }
            ],
            "hostname": "",
            "id": "epdll9v57r6klu4kch01",
            "labels": null,
            "local_disk": [],
            "maintenance_grace_period": "",
            "maintenance_policy": null,
            "metadata": {
              "ssh-keys": "filipp:ssh-ed25519 AAAAC3NzaC1lZDI1NTE5AAAAIHivJ09hymAbMQqWuK85BwZnEbVZKKwolJtt09n2DY6k",
              "user-data": "#cloud-config\r\ndatasource:\r\n    Ec2:\r\n        strict_id: false\r\nssh_pwauth: no\r\nusers:\r\n- name: filipp\r\n    sudo: ALL=(ALL) NOPASSWD:ALL\r\n    shell: /bin/bash\r\n    ssh_authorized_keys:\r\n    - ssh-ed25519 AAAAC3NzaC1lZDI1NTE5AAAAIHivJ09hymAbMQqWuK85BwZnEbVZKKwolJtt09n2DY6k"
            },
            "metadata_options": [
              {
                "aws_v1_http_endpoint": 1,
                "aws_v1_http_token": 2,
                "gce_http_endpoint": 1,
                "gce_http_token": 1
              }
            ],
            "name": "private",
            "network_acceleration_type": "standard",
            "network_interface": [
              {
                "dns_record": [],
                "index": 0,
                "ip_address": "10.129.0.29",
                "ipv4": true,
                "ipv6": false,
                "ipv6_address": "",
                "ipv6_dns_record": [],
                "mac_address": "d0:0d:15:aa:7e:53",
                "nat": false,
                "nat_dns_record": [],
                "nat_ip_address": "",
                "nat_ip_version": "",
                "security_group_ids": [],
                "subnet_id": "e2lr3371oljiq61fitdi"
              }
            ],
            "placement_policy": [
              {
                "host_affinity_rules": [],
                "placement_group_id": "",
                "placement_group_partition": 0
              }
            ],
            "platform_id": "standard-v2",
            "resources": [
              {
                "core_fraction": 5,
                "cores": 2,
                "gpus": 0,
                "memory": 1
              }
            ],
            "scheduling_policy": [
              {
                "preemptible": true
              }
            ],
            "secondary_disk": [],
            "service_account_id": "",
            "status": "running",
            "timeouts": null,
            "zone": "ru-central1-b"
          },
          "sensitive_attributes": [],
          "private": "eyJlMmJmYjczMC1lY2FhLTExZTYtOGY4OC0zNDM2M2JjN2M0YzAiOnsiY3JlYXRlIjozMDAwMDAwMDAwMDAsImRlbGV0ZSI6MzAwMDAwMDAwMDAwLCJ1cGRhdGUiOjMwMDAwMDAwMDAwMH0sInNjaGVtYV92ZXJzaW9uIjoiMSJ9"
        }
      ]
    },
    {
      "module": "module.scgroup.module.scgroup",
      "mode": "data",
      "type": "yandex_client_config",
      "name": "client",
      "provider": "provider[\"registry.terraform.io/yandex-cloud/yandex\"]",
      "instances": [
        {
          "schema_version": 0,
          "attributes": {
            "cloud_id": "b1g5b020anchqspg6qul",
            "folder_id": "b1g3jagg302vglsnv5h6",
            "iam_token": "t1.9euelZrIz8uJks3OxpaJxsbOkJORk-3rnpWakciVkZ2OxpWJnY3KxpeYyY3l9PcqNU5H-e8xNA_h3fT3amNLR_nvMTQP4c3n9euelZqQlYqLm5GenIzOzI7JmIySkO_8zef1656VmpfJysqLmJWUz5TOnZmMnpqL7_3F656VmpCVioubkZ6cjM7MjsmYjJKQ.SdRDR2xlnnQwLarkhvEESqmL-a1rcESyuzT8Y1qNBTXVNaL62bu212Y1EMiw89UXbF2vFGf36B4ClR5ktFZ1DQ",
            "id": "54886923",
            "zone": "ru-central1-b"
          },
          "sensitive_attributes": [
            [
              {
                "type": "get_attr",
                "value": "iam_token"
              }
            ]
          ]
        }
      ]
    },
    {
      "module": "module.scgroup.module.scgroup",
      "mode": "managed",
      "type": "yandex_vpc_security_group",
      "name": "this",
      "provider": "provider[\"registry.terraform.io/yandex-cloud/yandex\"]",
      "instances": [
        {
          "schema_version": 0,
          "attributes": {
            "created_at": "2024-10-14T00:27:30Z",
            "description": "security group",
            "egress": [],
            "folder_id": "b1g3jagg302vglsnv5h6",
            "id": "enpkr5absjgivh1k1gt5",
            "ingress": [],
            "labels": {},
            "name": "maingroup",
            "network_id": "enpatv4k4dslh1r332ba",
            "status": "ACTIVE",
            "timeouts": null
          },
          "sensitive_attributes": [],
          "private": "eyJlMmJmYjczMC1lY2FhLTExZTYtOGY4OC0zNDM2M2JjN2M0YzAiOnsiY3JlYXRlIjoxODAwMDAwMDAwMDAsImRlbGV0ZSI6MTgwMDAwMDAwMDAwLCJ1cGRhdGUiOjE4MDAwMDAwMDAwMH19",
          "dependencies": [
            "module.scgroup.module.scgroup.data.yandex_client_config.client"
          ]
        }
      ]
    },
    {
      "module": "module.scgroup.module.scgroup",
      "mode": "managed",
      "type": "yandex_vpc_security_group_rule",
      "name": "egress_rules",
      "provider": "provider[\"registry.terraform.io/yandex-cloud/yandex\"]",
      "instances": [
        {
          "index_key": 0,
          "schema_version": 0,
          "attributes": {
            "description": "",
            "direction": "egress",
            "from_port": 0,
            "id": "enpahmmdpmdf834ithhk",
            "labels": {},
            "port": -1,
            "predefined_target": "",
            "protocol": "ANY",
            "security_group_binding": "enpkr5absjgivh1k1gt5",
            "security_group_id": "",
            "timeouts": null,
            "to_port": 65535,
            "v4_cidr_blocks": [
              "95.174.98.252/32"
            ],
            "v6_cidr_blocks": null
          },
          "sensitive_attributes": [],
          "private": "eyJlMmJmYjczMC1lY2FhLTExZTYtOGY4OC0zNDM2M2JjN2M0YzAiOnsiY3JlYXRlIjoxODAwMDAwMDAwMDAsImRlbGV0ZSI6MTgwMDAwMDAwMDAwLCJyZWFkIjoxODAwMDAwMDAwMDAsInVwZGF0ZSI6MTgwMDAwMDAwMDAwfX0=",
          "dependencies": [
            "module.scgroup.module.scgroup.data.yandex_client_config.client",
            "module.scgroup.module.scgroup.yandex_vpc_security_group.this"
          ]
        }
      ]
    },
    {
      "module": "module.scgroup.module.scgroup",
      "mode": "managed",
      "type": "yandex_vpc_security_group_rule",
      "name": "ingress_rules_with_cidrs",
      "provider": "provider[\"registry.terraform.io/yandex-cloud/yandex\"]",
      "instances": [
        {
          "index_key": 0,
          "schema_version": 0,
          "attributes": {
            "description": "ssh",
            "direction": "ingress",
            "from_port": -1,
            "id": "enpsov9560ftci3cdnf5",
            "labels": {},
            "port": 22,
            "predefined_target": "",
            "protocol": "TCP",
            "security_group_binding": "enpkr5absjgivh1k1gt5",
            "security_group_id": "",
            "timeouts": null,
            "to_port": -1,
            "v4_cidr_blocks": [
              "95.174.98.252/32"
            ],
            "v6_cidr_blocks": null
          },
          "sensitive_attributes": [],
          "private": "eyJlMmJmYjczMC1lY2FhLTExZTYtOGY4OC0zNDM2M2JjN2M0YzAiOnsiY3JlYXRlIjoxODAwMDAwMDAwMDAsImRlbGV0ZSI6MTgwMDAwMDAwMDAwLCJyZWFkIjoxODAwMDAwMDAwMDAsInVwZGF0ZSI6MTgwMDAwMDAwMDAwfX0=",
          "dependencies": [
            "module.scgroup.module.scgroup.data.yandex_client_config.client",
            "module.scgroup.module.scgroup.yandex_vpc_security_group.this"
          ]
        }
      ]
    },
    {
      "module": "module.scgroup.module.scgroup",
      "mode": "managed",
      "type": "yandex_vpc_security_group_rule",
      "name": "ingress_self_rule",
      "provider": "provider[\"registry.terraform.io/yandex-cloud/yandex\"]",
      "instances": [
        {
          "index_key": 0,
          "schema_version": 0,
          "attributes": {
            "description": "Communication inside this SG",
            "direction": "ingress",
            "from_port": -1,
            "id": "enpt3oiv5m5lplrmkv0v",
            "labels": {},
            "port": -1,
            "predefined_target": "self_security_group",
            "protocol": "ANY",
            "security_group_binding": "enpkr5absjgivh1k1gt5",
            "security_group_id": "",
            "timeouts": null,
            "to_port": -1,
            "v4_cidr_blocks": null,
            "v6_cidr_blocks": null
          },
          "sensitive_attributes": [],
          "private": "eyJlMmJmYjczMC1lY2FhLTExZTYtOGY4OC0zNDM2M2JjN2M0YzAiOnsiY3JlYXRlIjoxODAwMDAwMDAwMDAsImRlbGV0ZSI6MTgwMDAwMDAwMDAwLCJyZWFkIjoxODAwMDAwMDAwMDAsInVwZGF0ZSI6MTgwMDAwMDAwMDAwfX0=",
          "dependencies": [
            "module.scgroup.module.scgroup.data.yandex_client_config.client",
            "module.scgroup.module.scgroup.yandex_vpc_security_group.this"
          ]
        }
      ]
    },
    {
      "module": "module.vpc.module.vpc",
      "mode": "data",
      "type": "yandex_client_config",
      "name": "client",
      "provider": "provider[\"registry.terraform.io/yandex-cloud/yandex\"]",
      "instances": [
        {
          "schema_version": 0,
          "attributes": {
            "cloud_id": "b1g5b020anchqspg6qul",
            "folder_id": "b1g3jagg302vglsnv5h6",
            "iam_token": "t1.9euelZqZkJ6LmJzHjYqbyMiKl56Kku3rnpWakciVkZ2OxpWJnY3KxpeYyY3l9PcqNU5H-e9tMnDg3fT3amNLR_nvbTJw4M3n9euelZqUm5THxpGej5vIlJvPmJWVlu_8zef1656VmpfJysqLmJWUz5TOnZmMnpqL7_3F656VmpSblMfGkZ6Pm8iUm8-YlZWW.aU3y7wplOYwViofQY7WdvgsbHqnEPBIOvt31Wt3tYtn-ZIgiXAm7cLS7lOZGfJgCBNkbdquRi4TyEO2rXNFjDA",
            "id": "3042014593",
            "zone": "ru-central1-b"
          },
          "sensitive_attributes": [
            [
              {
                "type": "get_attr",
                "value": "iam_token"
              }
            ]
          ]
        }
      ]
    },
    {
      "module": "module.vpc.module.vpc",
      "mode": "managed",
      "type": "yandex_vpc_default_security_group",
      "name": "default_sg",
      "provider": "provider[\"registry.terraform.io/yandex-cloud/yandex\"]",
      "instances": [
        {
          "index_key": 0,
          "schema_version": 0,
          "attributes": {
            "created_at": "2024-10-14T00:27:30Z",
            "description": "Default security group",
            "egress": [
              {
                "description": "To internet",
                "from_port": -1,
                "id": "enp3trjc3tckc2b97a93",
                "labels": {},
                "port": -1,
                "predefined_target": "",
                "protocol": "ANY",
                "security_group_id": "",
                "to_port": -1,
                "v4_cidr_blocks": [
                  "0.0.0.0/0"
                ],
                "v6_cidr_blocks": []
              }
            ],
            "folder_id": "b1g3jagg302vglsnv5h6",
            "id": "enp7tdgb6fobtsg1tevm",
            "ingress": [
              {
                "description": "Communication inside this SG",
                "from_port": -1,
                "id": "enpmj3q9arvlegumv588",
                "labels": {},
                "port": -1,
                "predefined_target": "self_security_group",
                "protocol": "ANY",
                "security_group_id": "",
                "to_port": -1,
                "v4_cidr_blocks": [],
                "v6_cidr_blocks": []
              },
              {
                "description": "ICMP",
                "from_port": 0,
                "id": "enptigul6c8cjgk273a0",
                "labels": {},
                "port": -1,
                "predefined_target": "",
                "protocol": "ICMP",
                "security_group_id": "",
                "to_port": 65535,
                "v4_cidr_blocks": [
                  "0.0.0.0/0"
                ],
                "v6_cidr_blocks": []
              },
              {
                "description": "NLB health check",
                "from_port": -1,
                "id": "enpcdvl9bnj25rnli9ra",
                "labels": {},
                "port": -1,
                "predefined_target": "loadbalancer_healthchecks",
                "protocol": "TCP",
                "security_group_id": "",
                "to_port": -1,
                "v4_cidr_blocks": [],
                "v6_cidr_blocks": []
              },
              {
                "description": "RDP",
                "from_port": -1,
                "id": "enpp5besfnedndqlc0u7",
                "labels": {},
                "port": 3389,
                "predefined_target": "",
                "protocol": "ANY",
                "security_group_id": "",
                "to_port": -1,
                "v4_cidr_blocks": [
                  "0.0.0.0/0"
                ],
                "v6_cidr_blocks": []
              },
              {
                "description": "ssh",
                "from_port": -1,
                "id": "enp6o693ei9j5cmj8uqf",
                "labels": {},
                "port": 22,
                "predefined_target": "",
                "protocol": "ANY",
                "security_group_id": "",
                "to_port": -1,
                "v4_cidr_blocks": [
                  "0.0.0.0/0"
                ],
                "v6_cidr_blocks": []
              }
            ],
            "labels": {
              "created_by": "terraform-yc-module"
            },
            "name": "default-sg-enpneshq9q37ppdjh2v0",
            "network_id": "enpneshq9q37ppdjh2v0",
            "status": "ACTIVE",
            "timeouts": null
          },
          "sensitive_attributes": [],
          "private": "eyJlMmJmYjczMC1lY2FhLTExZTYtOGY4OC0zNDM2M2JjN2M0YzAiOnsiY3JlYXRlIjoxODAwMDAwMDAwMDAsImRlbGV0ZSI6MTgwMDAwMDAwMDAwLCJyZWFkIjoxODAwMDAwMDAwMDAsInVwZGF0ZSI6MTgwMDAwMDAwMDAwfX0=",
          "dependencies": [
            "module.vpc.module.vpc.data.yandex_client_config.client",
            "module.vpc.module.vpc.yandex_vpc_network.this"
          ]
        }
      ]
    },
    {
      "module": "module.vpc.module.vpc",
      "mode": "managed",
      "type": "yandex_vpc_gateway",
      "name": "egress_gateway",
      "provider": "provider[\"registry.terraform.io/yandex-cloud/yandex\"]",
      "instances": [
        {
          "index_key": 0,
          "schema_version": 0,
          "attributes": {
            "created_at": "2024-10-14T00:27:29Z",
            "description": "",
            "folder_id": "b1g3jagg302vglsnv5h6",
            "id": "enpkq1jli9gun7tu132o",
            "labels": {},
            "name": "main-network-egress-gateway",
            "shared_egress_gateway": [
              {}
            ],
            "timeouts": null
          },
          "sensitive_attributes": [],
          "private": "eyJlMmJmYjczMC1lY2FhLTExZTYtOGY4OC0zNDM2M2JjN2M0YzAiOnsiY3JlYXRlIjo2MDAwMDAwMDAwMCwiZGVsZXRlIjo2MDAwMDAwMDAwMCwidXBkYXRlIjo2MDAwMDAwMDAwMH19",
          "dependencies": [
            "module.vpc.module.vpc.data.yandex_client_config.client"
          ]
        }
      ]
    },
    {
      "module": "module.vpc.module.vpc",
      "mode": "managed",
      "type": "yandex_vpc_network",
      "name": "this",
      "provider": "provider[\"registry.terraform.io/yandex-cloud/yandex\"]",
      "instances": [
        {
          "index_key": 0,
          "schema_version": 0,
          "attributes": {
            "created_at": "2024-10-14T00:27:29Z",
            "default_security_group_id": "enp7tdgb6fobtsg1tevm",
            "description": "terraform-created",
            "folder_id": "b1g3jagg302vglsnv5h6",
            "id": "enpneshq9q37ppdjh2v0",
            "labels": {
              "created_by": "terraform-yc-module"
            },
            "name": "main-network",
            "subnet_ids": [],
            "timeouts": null
          },
          "sensitive_attributes": [],
          "private": "eyJlMmJmYjczMC1lY2FhLTExZTYtOGY4OC0zNDM2M2JjN2M0YzAiOnsiY3JlYXRlIjo2MDAwMDAwMDAwMCwiZGVsZXRlIjo2MDAwMDAwMDAwMCwidXBkYXRlIjo2MDAwMDAwMDAwMH19",
          "dependencies": [
            "module.vpc.module.vpc.data.yandex_client_config.client"
          ]
        }
      ]
    },
    {
      "module": "module.vpc.module.vpc",
      "mode": "managed",
      "type": "yandex_vpc_route_table",
      "name": "private",
      "provider": "provider[\"registry.terraform.io/yandex-cloud/yandex\"]",
      "instances": [
        {
          "index_key": 0,
          "schema_version": 0,
          "attributes": {
            "created_at": "2024-10-14T00:27:32Z",
            "description": "",
            "folder_id": "b1g3jagg302vglsnv5h6",
            "id": "enpql3o0o4co3r0j5n74",
            "labels": {},
            "name": "main-network-private",
            "network_id": "enpneshq9q37ppdjh2v0",
            "static_route": [
              {
                "destination_prefix": "0.0.0.0/0",
                "gateway_id": "enpkq1jli9gun7tu132o",
                "next_hop_address": ""
              }
            ],
            "timeouts": null
          },
          "sensitive_attributes": [],
          "private": "eyJlMmJmYjczMC1lY2FhLTExZTYtOGY4OC0zNDM2M2JjN2M0YzAiOnsiY3JlYXRlIjoxODAwMDAwMDAwMDAsImRlbGV0ZSI6MTgwMDAwMDAwMDAwLCJ1cGRhdGUiOjE4MDAwMDAwMDAwMH19",
          "dependencies": [
            "module.vpc.module.vpc.data.yandex_client_config.client",
            "module.vpc.module.vpc.yandex_vpc_gateway.egress_gateway",
            "module.vpc.module.vpc.yandex_vpc_network.this"
          ]
        }
      ]
    },
    {
      "module": "module.vpc.module.vpc",
      "mode": "managed",
      "type": "yandex_vpc_route_table",
      "name": "public",
      "provider": "provider[\"registry.terraform.io/yandex-cloud/yandex\"]",
      "instances": [
        {
          "index_key": 0,
          "schema_version": 0,
          "attributes": {
            "created_at": "2024-10-14T00:27:30Z",
            "description": "",
            "folder_id": "b1g3jagg302vglsnv5h6",
            "id": "enpmh9ua77sq2o90pt6p",
            "labels": {},
            "name": "main-network-public",
            "network_id": "enpneshq9q37ppdjh2v0",
            "static_route": [],
            "timeouts": null
          },
          "sensitive_attributes": [],
          "private": "eyJlMmJmYjczMC1lY2FhLTExZTYtOGY4OC0zNDM2M2JjN2M0YzAiOnsiY3JlYXRlIjoxODAwMDAwMDAwMDAsImRlbGV0ZSI6MTgwMDAwMDAwMDAwLCJ1cGRhdGUiOjE4MDAwMDAwMDAwMH19",
          "dependencies": [
            "module.vpc.module.vpc.data.yandex_client_config.client",
            "module.vpc.module.vpc.yandex_vpc_network.this"
          ]
        }
      ]
    },
    {
      "module": "module.vpc.module.vpc",
      "mode": "managed",
      "type": "yandex_vpc_subnet",
      "name": "private",
      "provider": "provider[\"registry.terraform.io/yandex-cloud/yandex\"]",
      "instances": [
        {
          "index_key": "10.2.0.0/16",
          "schema_version": 0,
          "attributes": {
            "created_at": "2024-10-14T00:27:33Z",
            "description": "",
            "dhcp_options": [
              {
                "domain_name": "internal.",
                "domain_name_servers": [],
                "ntp_servers": []
              }
            ],
            "folder_id": "b1g3jagg302vglsnv5h6",
            "id": "e2lslvfkbtqm1lf6jbb5",
            "labels": {
              "created_by": "terraform-yc-module"
            },
            "name": "private",
            "network_id": "enpneshq9q37ppdjh2v0",
            "route_table_id": "enpql3o0o4co3r0j5n74",
            "timeouts": null,
            "v4_cidr_blocks": [
              "10.2.0.0/16"
            ],
            "v6_cidr_blocks": [],
            "zone": "ru-central1-b"
          },
          "sensitive_attributes": [],
          "private": "eyJlMmJmYjczMC1lY2FhLTExZTYtOGY4OC0zNDM2M2JjN2M0YzAiOnsiY3JlYXRlIjoxODAwMDAwMDAwMDAsImRlbGV0ZSI6MTgwMDAwMDAwMDAwLCJ1cGRhdGUiOjE4MDAwMDAwMDAwMH19",
          "dependencies": [
            "module.vpc.module.vpc.data.yandex_client_config.client",
            "module.vpc.module.vpc.yandex_vpc_gateway.egress_gateway",
            "module.vpc.module.vpc.yandex_vpc_network.this",
            "module.vpc.module.vpc.yandex_vpc_route_table.private"
          ]
        }
      ]
    },
    {
      "module": "module.vpc.module.vpc",
      "mode": "managed",
      "type": "yandex_vpc_subnet",
      "name": "public",
      "provider": "provider[\"registry.terraform.io/yandex-cloud/yandex\"]",
      "instances": [
        {
          "index_key": "10.3.0.0/16",
          "schema_version": 0,
          "attributes": {
            "created_at": "2024-10-14T00:27:31Z",
            "description": "",
            "dhcp_options": [
              {
                "domain_name": "internal.",
                "domain_name_servers": [],
                "ntp_servers": []
              }
            ],
            "folder_id": "b1g3jagg302vglsnv5h6",
            "id": "e2lmlst1sn34bbf289al",
            "labels": {
              "created_by": "terraform-yc-module"
            },
            "name": "public",
            "network_id": "enpneshq9q37ppdjh2v0",
            "route_table_id": "enpmh9ua77sq2o90pt6p",
            "timeouts": null,
            "v4_cidr_blocks": [
              "10.3.0.0/16"
            ],
            "v6_cidr_blocks": [],
            "zone": "ru-central1-b"
          },
          "sensitive_attributes": [],
          "private": "eyJlMmJmYjczMC1lY2FhLTExZTYtOGY4OC0zNDM2M2JjN2M0YzAiOnsiY3JlYXRlIjoxODAwMDAwMDAwMDAsImRlbGV0ZSI6MTgwMDAwMDAwMDAwLCJ1cGRhdGUiOjE4MDAwMDAwMDAwMH19",
          "dependencies": [
            "module.vpc.module.vpc.data.yandex_client_config.client",
            "module.vpc.module.vpc.yandex_vpc_network.this",
            "module.vpc.module.vpc.yandex_vpc_route_table.public"
          ]
        }
      ]
    }
  ],
  "check_results": null
}
